// !$*UTF8*$!
{
	archiveVersion = 1;
	classes = {
	};
	objectVersion = 46;
	objects = {

/* Begin PBXBuildFile section */
		D0D4C7DA1D1006190085D40B /* main.m in Sources */ = {isa = PBXBuildFile; fileRef = D0D4C7D91D1006190085D40B /* main.m */; };
		D0D4C7DD1D1006190085D40B /* AppDelegate.m in Sources */ = {isa = PBXBuildFile; fileRef = D0D4C7DC1D1006190085D40B /* AppDelegate.m */; };
		D0D4C7E01D1006190085D40B /* ViewController.m in Sources */ = {isa = PBXBuildFile; fileRef = D0D4C7DF1D1006190085D40B /* ViewController.m */; };
		D0D4C7E31D1006190085D40B /* Main.storyboard in Resources */ = {isa = PBXBuildFile; fileRef = D0D4C7E11D1006190085D40B /* Main.storyboard */; };
		D0D4C7E51D1006190085D40B /* Assets.xcassets in Resources */ = {isa = PBXBuildFile; fileRef = D0D4C7E41D1006190085D40B /* Assets.xcassets */; };
		D0D4C7E81D1006190085D40B /* LaunchScreen.storyboard in Resources */ = {isa = PBXBuildFile; fileRef = D0D4C7E61D1006190085D40B /* LaunchScreen.storyboard */; };
/* End PBXBuildFile section */

/* Begin PBXFileReference section */
		D0D4C7D51D1006180085D40B /* CBWRefreshDemo.app */ = {isa = PBXFileReference; explicitFileType = wrapper.application; includeInIndex = 0; path = CBWRefreshDemo.app; sourceTree = BUILT_PRODUCTS_DIR; };
		D0D4C7D91D1006190085D40B /* main.m */ = {isa = PBXFileReference; lastKnownFileType = sourcecode.c.objc; path = main.m; sourceTree = "<group>"; };
		D0D4C7DB1D1006190085D40B /* AppDelegate.h */ = {isa = PBXFileReference; lastKnownFileType = sourcecode.c.h; path = AppDelegate.h; sourceTree = "<group>"; };
		D0D4C7DC1D1006190085D40B /* AppDelegate.m */ = {isa = PBXFileReference; lastKnownFileType = sourcecode.c.objc; path = AppDelegate.m; sourceTree = "<group>"; };
		D0D4C7DE1D1006190085D40B /* ViewController.h */ = {isa = PBXFileReference; lastKnownFileType = sourcecode.c.h; path = ViewController.h; sourceTree = "<group>"; };
		D0D4C7DF1D1006190085D40B /* ViewController.m */ = {isa = PBXFileReference; lastKnownFileType = sourcecode.c.objc; path = ViewController.m; sourceTree = "<group>"; };
		D0D4C7E21D1006190085D40B /* Base */ = {isa = PBXFileReference; lastKnownFileType = file.storyboard; name = Base; path = Base.lproj/Main.storyboard; sourceTree = "<group>"; };
		D0D4C7E41D1006190085D40B /* Assets.xcassets */ = {isa = PBXFileReference; lastKnownFileType = folder.assetcatalog; path = Assets.xcassets; sourceTree = "<group>"; };
		D0D4C7E71D1006190085D40B /* Base */ = {isa = PBXFileReference; lastKnownFileType = file.storyboard; name = Base; path = Base.lproj/LaunchScreen.storyboard; sourceTree = "<group>"; };
		D0D4C7E91D1006190085D40B /* Info.plist */ = {isa = PBXFileReference; lastKnownFileType = text.plist.xml; path = Info.plist; sourceTree = "<group>"; };
/* End PBXFileReference section */

/* Begin PBXFrameworksBuildPhase section */
		D0D4C7D21D1006180085D40B /* Frameworks */ = {
			isa = PBXFrameworksBuildPhase;
			buildActionMask = 2147483647;
			files = (
			);
			runOnlyForDeploymentPostprocessing = 0;
		};
/* End PBXFrameworksBuildPhase section */

/* Begin PBXGroup section */
		D0D4C7CC1D1006180085D40B = {
			isa = PBXGroup;
			children = (
				D0D4C7D71D1006190085D40B /* CBWRefreshDemo */,
				D0D4C7D61D1006180085D40B /* Products */,
			);
			sourceTree = "<group>";
		};
		D0D4C7D61D1006180085D40B /* Products */ = {
			isa = PBXGroup;
			children = (
				D0D4C7D51D1006180085D40B /* CBWRefreshDemo.app */,
			);
			name = Products;
			sourceTree = "<group>";
		};
		D0D4C7D71D1006190085D40B /* CBWRefreshDemo */ = {
			isa = PBXGroup;
			children = (
				D0D4C7DB1D1006190085D40B /* AppDelegate.h */,
				D0D4C7DC1D1006190085D40B /* AppDelegate.m */,
				D0D4C7DE1D1006190085D40B /* ViewController.h */,
				D0D4C7DF1D1006190085D40B /* ViewController.m */,
				D0D4C7E11D1006190085D40B /* Main.storyboard */,
				D0D4C7E41D1006190085D40B /* Assets.xcassets */,
				D0D4C7E61D1006190085D40B /* LaunchScreen.storyboard */,
				D0D4C7E91D1006190085D40B /* Info.plist */,
				D0D4C7D81D1006190085D40B /* Supporting Files */,
			);
			path = CBWRefreshDemo;
			sourceTree = "<group>";
		};
		D0D4C7D81D1006190085D40B /* Supporting Files */ = {
			isa = PBXGroup;
			children = (
				D0D4C7D91D1006190085D40B /* main.m */,
			);
			name = "Supporting Files";
			sourceTree = "<group>";
		};
/* End PBXGroup section */

/* Begin PBXNativeTarget section */
		D0D4C7D41D1006180085D40B /* CBWRefreshDemo */ = {
			isa = PBXNativeTarget;
			buildConfigurationList = D0D4C7EC1D1006190085D40B /* Build configuration list for PBXNativeTarget "CBWRefreshDemo" */;
			buildPhases = (
				D0D4C7D11D1006180085D40B /* Sources */,
				D0D4C7D21D1006180085D40B /* Frameworks */,
				D0D4C7D31D1006180085D40B /* Resources */,
			);
			buildRules = (
			);
			dependencies = (
			);
			name = CBWRefreshDemo;
			productName = CBWRefreshDemo;
			productReference = D0D4C7D51D1006180085D40B /* CBWRefreshDemo.app */;
			productType = "com.apple.product-type.application";
		};
/* End PBXNativeTarget section */

/* Begin PBXProject section */
		D0D4C7CD1D1006180085D40B /* Project object */ = {
			isa = PBXProject;
			attributes = {
				LastUpgradeCheck = 0730;
				ORGANIZATIONNAME = "陈博文";
				TargetAttributes = {
					D0D4C7D41D1006180085D40B = {
						CreatedOnToolsVersion = 7.3;
					};
				};
			};
			buildConfigurationList = D0D4C7D01D1006180085D40B /* Build configuration list for PBXProject "CBWRefreshDemo" */;
			compatibilityVersion = "Xcode 3.2";
			developmentRegion = English;
			hasScannedForEncodings = 0;
			knownRegions = (
				en,
				Base,
			);
			mainGroup = D0D4C7CC1D1006180085D40B;
			productRefGroup = D0D4C7D61D1006180085D40B /* Products */;
			projectDirPath = "";
			projectRoot = "";
			targets = (
				D0D4C7D41D1006180085D40B /* CBWRefreshDemo */,
			);
		};
/* End PBXProject section */

/* Begin PBXResourcesBuildPhase section */
		D0D4C7D31D1006180085D40B /* Resources */ = {
			isa = PBXResourcesBuildPhase;
			buildActionMask = 2147483647;
			files = (
				D0D4C7E81D1006190085D40B /* LaunchScreen.storyboard in Resources */,
				D0D4C7E51D1006190085D40B /* Assets.xcassets in Resources */,
				D0D4C7E31D1006190085D40B /* Main.storyboard in Resources */,
			);
			runOnlyForDeploymentPostprocessing = 0;
		};
/* End PBXResourcesBuildPhase section */

/* Begin PBXSourcesBuildPhase section */
		D0D4C7D11D1006180085D40B /* Sources */ = {
			isa = PBXSourcesBuildPhase;
			buildActionMask = 2147483647;
			files = (
				D0D4C7E01D1006190085D40B /* ViewController.m in Sources */,
				D0D4C7DD1D1006190085D40B /* AppDelegate.m in Sources */,
				D0D4C7DA1D1006190085D40B /* main.m in Sources */,
			);
			runOnlyForDeploymentPostprocessing = 0;
		};
/* End PBXSourcesBuildPhase section */

/* Begin PBXVariantGroup section */
		D0D4C7E11D1006190085D40B /* Main.storyboard */ = {
			isa = PBXVariantGroup;
			children = (
				D0D4C7E21D1006190085D40B /* Base */,
			);
			name = Main.storyboard;
			sourceTree = "<group>";
		};
		D0D4C7E61D1006190085D40B /* LaunchScreen.storyboard */ = {
			isa = PBXVariantGroup;
			children = (
				D0D4C7E71D1006190085D40B /* Base */,
			);
			name = LaunchScreen.storyboard;
			sourceTree = "<group>";
		};
/* End PBXVariantGroup section */

/* Begin XCBuildConfiguration section */
		D0D4C7EA1D1006190085D40B /* Debug */ = {
			isa = XCBuildConfiguration;
			buildSettings = {
				ALWAYS_SEARCH_USER_PATHS = NO;
				CLANG_ANALYZER_NONNULL = YES;
				CLANG_CXX_LANGUAGE_STANDARD = "gnu++0x";
				CLANG_CXX_LIBRARY = "libc++";
				CLANG_ENABLE_MODULES = YES;
				CLANG_ENABLE_OBJC_ARC = YES;
				CLANG_WARN_BOOL_CONVERSION = YES;
				CLANG_WARN_CONSTANT_CONVERSION = YES;
				CLANG_WARN_DIRECT_OBJC_ISA_USAGE = YES_ERROR;
				CLANG_WARN_EMPTY_BODY = YES;
				CLANG_WARN_ENUM_CONVERSION = YES;
				CLANG_WARN_INT_CONVERSION = YES;
				CLANG_WARN_OBJC_ROOT_CLASS = YES_ERROR;
				CLANG_WARN_UNREACHABLE_CODE = YES;
				CLANG_WARN__DUPLICATE_METHOD_MATCH = YES;
				"CODE_SIGN_IDENTITY[sdk=iphoneos*]" = "iPhone Developer";
				COPY_PHASE_STRIP = NO;
				DEBUG_INFORMATION_FORMAT = dwarf;
				ENABLE_STRICT_OBJC_MSGSEND = YES;
				ENABLE_TESTABILITY = YES;
				GCC_C_LANGUAGE_STANDARD = gnu99;
				GCC_DYNAMIC_NO_PIC = NO;
				GCC_NO_COMMON_BLOCKS = YES;
				GCC_OPTIMIZATION_LEVEL = 0;
				GCC_PREPROCESSOR_DEFINITIONS = (
					"DEBUG=1",
					"$(inherited)",
				);
				GCC_WARN_64_TO_32_BIT_CONVERSION = YES;
				GCC_WARN_ABOUT_RETURN_TYPE = YES_ERROR;
				GCC_WARN_UNDECLARED_SELECTOR = YES;
				GCC_WARN_UNINITIALIZED_AUTOS = YES_AGGRESSIVE;
				GCC_WARN_UNUSED_FUNCTION = YES;
				GCC_WARN_UNUSED_VARIABLE = YES;
				IPHONEOS_DEPLOYMENT_TARGET = 9.3;
				MTL_ENABLE_DEBUG_INFO = YES;
				ONLY_ACTIVE_ARCH = YES;
				SDKROOT = iphoneos;
				TARGETED_DEVICE_FAMILY = "1,2";
			};
			name = Debug;
		};
		D0D4C7EB1D1006190085D40B /* Release */ = {
			isa = XCBuildConfiguration;
			buildSettings = {
				ALWAYS_SEARCH_USER_PATHS = NO;
				CLANG_ANALYZER_NONNULL = YES;
				CLANG_CXX_LANGUAGE_STANDARD = "gnu++0x";
				CLANG_CXX_LIBRARY = "libc++";
				CLANG_ENABLE_MODULES = YES;
				CLANG_ENABLE_OBJC_ARC = YES;
				CLANG_WARN_BOOL_CONVERSION = YES;
				CLANG_WARN_CONSTANT_CONVERSION = YES;
				CLANG_WARN_DIRECT_OBJC_ISA_USAGE = YES_ERROR;
				CLANG_WARN_EMPTY_BODY = YES;
				CLANG_WARN_ENUM_CONVERSION = YES;
				CLANG_WARN_INT_CONVERSION = YES;
				CLANG_WARN_OBJC_ROOT_CLASS = YES_ERROR;
				CLANG_WARN_UNREACHABLE_CODE = YES;
				CLANG_WARN__DUPLICATE_METHOD_MATCH = YES;
				"CODE_SIGN_IDENTITY[sdk=iphoneos*]" = "iPhone Developer";
				COPY_PHASE_STRIP = NO;
				DEBUG_INFORMATION_FORMAT = "dwarf-with-dsym";
				ENABLE_NS_ASSERTIONS = NO;
				ENABLE_STRICT_OBJC_MSGSEND = YES;
				GCC_C_LANGUAGE_STANDARD = gnu99;
				GCC_NO_COMMON_BLOCKS = YES;
				GCC_WARN_64_TO_32_BIT_CONVERSION = YES;
				GCC_WARN_ABOUT_RETURN_TYPE = YES_ERROR;
				GCC_WARN_UNDECLARED_SELECTOR = YES;
				GCC_WARN_UNINITIALIZED_AUTOS = YES_AGGRESSIVE;
				GCC_WARN_UNUSED_FUNCTION = YES;
				GCC_WARN_UNUSED_VARIABLE = YES;
				IPHONEOS_DEPLOYMENT_TARGET = 9.3;
				MTL_ENABLE_DEBUG_INFO = NO;
				SDKROOT = iphoneos;
				TARGETED_DEVICE_FAMILY = "1,2";
				VALIDATE_PRODUCT = YES;
			};
			name = Release;
		};
		D0D4C7ED1D1006190085D40B /* Debug */ = {
			isa = XCBuildConfiguration;
			buildSettings = {
				ASSETCATALOG_COMPILER_APPICON_NAME = AppIcon;
				INFOPLIST_FILE = CBWRefreshDemo/Info.plist;
				LD_RUNPATH_SEARCH_PATHS = "$(inherited) @executable_path/Frameworks";
				PRODUCT_BUNDLE_IDENTIFIER = com.cbw.CBWRefreshDemo;
				PRODUCT_NAME = "$(TARGET_NAME)";
			};
			name = Debug;
		};
		D0D4C7EE1D1006190085D40B /* Release */ = {
			isa = XCBuildConfiguration;
			buildSettings = {
				ASSETCATALOG_COMPILER_APPICON_NAME = AppIcon;
				INFOPLIST_FILE = CBWRefreshDemo/Info.plist;
				LD_RUNPATH_SEARCH_PATHS = "$(inherited) @executable_path/Frameworks";
				PRODUCT_BUNDLE_IDENTIFIER = com.cbw.CBWRefreshDemo;
				PRODUCT_NAME = "$(TARGET_NAME)";
			};
			name = Release;
		};
/* End XCBuildConfiguration section */

/* Begin XCConfigurationList section */
		D0D4C7D01D1006180085D40B /* Build configuration list for PBXProject "CBWRefreshDemo" */ = {
			isa = XCConfigurationList;
			buildConfigurations = (
				D0D4C7EA1D1006190085D40B /* Debug */,
				D0D4C7EB1D1006190085D40B /* Release */,
			);
			defaultConfigurationIsVisible = 0;
			defaultConfigurationName = Release;
		};
		D0D4C7EC1D1006190085D40B /* Build configuration list for PBXNativeTarget "CBWRefreshDemo" */ = {
			isa = XCConfigurationList;
			buildConfigurations = (
				D0D4C7ED1D1006190085D40B /* Debug */,
				D0D4C7EE1D1006190085D40B /* Release */,
			);
			defaultConfigurationIsVisible = 0;
		};
/* End XCConfigurationList section */
	};
	rootObject = D0D4C7CD1D1006180085D40B /* Project object */;
}
